# generated by rye
# use `rye lock` or `rye sync` to update this lockfile
#
# last locked with the following flags:
#   pre: false
#   features: []
#   all-features: false
#   with-sources: false
#   generate-hashes: false

-e file:.
actus==0.7.0
    # via jfmt
colex==0.2.0
    # via actus
    # via jfmt
